
Microsoft Visual Studio Solution File, Format Version 12.00
# Visual Studio Version 17
VisualStudioVersion = 17.4.33213.308
MinimumVisualStudioVersion = 10.0.40219.1
Project("{F184B08F-C81C-45F6-A57F-5ABD9991F28F}") = "DiscordHelper", "DiscordHelper\DiscordHelper.vbproj", "{355ECA5B-3D03-44CB-B117-F8C3AAC40F17}"
EndProject
Project("{F184B08F-C81C-45F6-A57F-5ABD9991F28F}") = "CommonLibrary", "CommonLibrary\CommonLibrary.vbproj", "{8F737F27-41DD-492B-B023-D43501F38355}"
EndProject
Project("{F184B08F-C81C-45F6-A57F-5ABD9991F28F}") = "Updater", "Updater\Updater.vbproj", "{EF1DB017-460D-4CDE-94F8-4F085B1912B0}"
EndProject
Project("{F184B08F-C81C-45F6-A57F-5ABD9991F28F}") = "DPHX Unpack and Load", "DPHX Unpack and Load\DPHX Unpack and Load.vbproj", "{99721D20-A22B-4D33-9867-6F8501F9BDC6}"
EndProject
Project("{FAE04EC0-301F-11D3-BF4B-00C04F79EFBC}") = "ImageViewer", "ImageViewer\ImageViewer.csproj", "{8241A955-C8E4-4CFD-BA28-EEAB34F6C00C}"
EndProject
Project("{2150E333-8FDC-42A3-9474-1A3956D46DE8}") = "Solution Items", "Solution Items", "{24B8B0D9-5CB8-4FC7-AD71-0B8D4C748A42}"
	ProjectSection(SolutionItems) = preProject
		DiscordPostHelper.VersionInfo.xml = DiscordPostHelper.VersionInfo.xml
		DPHXUnpackAndLoad.VersionInfo.xml = DPHXUnpackAndLoad.VersionInfo.xml
	EndProjectSection
EndProject
Project("{F184B08F-C81C-45F6-A57F-5ABD9991F28F}") = "WindLayers3DDisplay", "WindLayers3DDisplay\WindLayers3DDisplay.vbproj", "{2248B813-F058-4079-BD3E-F634B7D4E456}"
EndProject
Project("{F184B08F-C81C-45F6-A57F-5ABD9991F28F}") = "TaskBrowserAdmin", "TaskBrowserAdmin\TaskBrowserAdmin.vbproj", "{1E992182-47CF-43E7-A529-2987F7DC3AC1}"
EndProject
Project("{2150E333-8FDC-42A3-9474-1A3956D46DE8}") = "Main PHP Scripts", "Main PHP Scripts", "{2363873E-68A6-4AA1-8D35-BB1D68483494}"
	ProjectSection(SolutionItems) = preProject
		Main PHP Scripts\ChangeDBStructure.php = Main PHP Scripts\ChangeDBStructure.php
		Main PHP Scripts\CheckPermissions.php = Main PHP Scripts\CheckPermissions.php
		Main PHP Scripts\CommonFunctions.php = Main PHP Scripts\CommonFunctions.php
		config.php = config.php
		Main PHP Scripts\CreateNewTaskFromDPH.php = Main PHP Scripts\CreateNewTaskFromDPH.php
		Main PHP Scripts\CreateUpdateTaskFromDPHTool.php = Main PHP Scripts\CreateUpdateTaskFromDPHTool.php
		Main PHP Scripts\DeleteTask.php = Main PHP Scripts\DeleteTask.php
		Main PHP Scripts\DeleteTempFolder.php = Main PHP Scripts\DeleteTempFolder.php
		Main PHP Scripts\DPHGetVersion.txt = Main PHP Scripts\DPHGetVersion.txt
		Main PHP Scripts\DPHGetVersionInfo.php = Main PHP Scripts\DPHGetVersionInfo.php
		FindTaskUsingEntrySeqID.php = FindTaskUsingEntrySeqID.php
		Main PHP Scripts\FindTaskUsingID.php = Main PHP Scripts\FindTaskUsingID.php
		Main PHP Scripts\FixEmptyImagesToNull.php = Main PHP Scripts\FixEmptyImagesToNull.php
		Main PHP Scripts\GetUpdatedDownloads.php = Main PHP Scripts\GetUpdatedDownloads.php
		Main PHP Scripts\GetUpdatedTasks.php = Main PHP Scripts\GetUpdatedTasks.php
		Main PHP Scripts\IncrementDownloadForTask.php = Main PHP Scripts\IncrementDownloadForTask.php
		Main PHP Scripts\IncrementThreadAccessForTask.php = Main PHP Scripts\IncrementThreadAccessForTask.php
		Main PHP Scripts\ManageNews.php = Main PHP Scripts\ManageNews.php
		Main PHP Scripts\ResetDownloadsForTask.php = Main PHP Scripts\ResetDownloadsForTask.php
		Main PHP Scripts\ResetThreadAccessForTask.php = Main PHP Scripts\ResetThreadAccessForTask.php
		Main PHP Scripts\RetrieveDeletedTasks.php = Main PHP Scripts\RetrieveDeletedTasks.php
		Main PHP Scripts\RetrieveNews.php = Main PHP Scripts\RetrieveNews.php
		Main PHP Scripts\RetrieveUserRights.php = Main PHP Scripts\RetrieveUserRights.php
		Main PHP Scripts\SaveDirectFileUnderTempFolder.php = Main PHP Scripts\SaveDirectFileUnderTempFolder.php
		Main PHP Scripts\SaveFileUnderTempFolder.php = Main PHP Scripts\SaveFileUnderTempFolder.php
		Main PHP Scripts\SaveTextFileUnderTempFolder.php = Main PHP Scripts\SaveTextFileUnderTempFolder.php
		Main PHP Scripts\TestDB.php = Main PHP Scripts\TestDB.php
		Main PHP Scripts\UpdateTasks.php = Main PHP Scripts\UpdateTasks.php
		UpdateWorldMapInfo.php = UpdateWorldMapInfo.php
	EndProjectSection
EndProject
Global
	GlobalSection(SolutionConfigurationPlatforms) = preSolution
		Debug|Any CPU = Debug|Any CPU
		Release|Any CPU = Release|Any CPU
	EndGlobalSection
	GlobalSection(ProjectConfigurationPlatforms) = postSolution
		{355ECA5B-3D03-44CB-B117-F8C3AAC40F17}.Debug|Any CPU.ActiveCfg = Debug|Any CPU
		{355ECA5B-3D03-44CB-B117-F8C3AAC40F17}.Debug|Any CPU.Build.0 = Debug|Any CPU
		{355ECA5B-3D03-44CB-B117-F8C3AAC40F17}.Release|Any CPU.ActiveCfg = Release|Any CPU
		{355ECA5B-3D03-44CB-B117-F8C3AAC40F17}.Release|Any CPU.Build.0 = Release|Any CPU
		{8F737F27-41DD-492B-B023-D43501F38355}.Debug|Any CPU.ActiveCfg = Debug|Any CPU
		{8F737F27-41DD-492B-B023-D43501F38355}.Debug|Any CPU.Build.0 = Debug|Any CPU
		{8F737F27-41DD-492B-B023-D43501F38355}.Release|Any CPU.ActiveCfg = Release|Any CPU
		{8F737F27-41DD-492B-B023-D43501F38355}.Release|Any CPU.Build.0 = Release|Any CPU
		{EF1DB017-460D-4CDE-94F8-4F085B1912B0}.Debug|Any CPU.ActiveCfg = Debug|Any CPU
		{EF1DB017-460D-4CDE-94F8-4F085B1912B0}.Debug|Any CPU.Build.0 = Debug|Any CPU
		{EF1DB017-460D-4CDE-94F8-4F085B1912B0}.Release|Any CPU.ActiveCfg = Release|Any CPU
		{EF1DB017-460D-4CDE-94F8-4F085B1912B0}.Release|Any CPU.Build.0 = Release|Any CPU
		{99721D20-A22B-4D33-9867-6F8501F9BDC6}.Debug|Any CPU.ActiveCfg = Debug|Any CPU
		{99721D20-A22B-4D33-9867-6F8501F9BDC6}.Debug|Any CPU.Build.0 = Debug|Any CPU
		{99721D20-A22B-4D33-9867-6F8501F9BDC6}.Release|Any CPU.ActiveCfg = Release|Any CPU
		{99721D20-A22B-4D33-9867-6F8501F9BDC6}.Release|Any CPU.Build.0 = Release|Any CPU
		{8241A955-C8E4-4CFD-BA28-EEAB34F6C00C}.Debug|Any CPU.ActiveCfg = Debug|Any CPU
		{8241A955-C8E4-4CFD-BA28-EEAB34F6C00C}.Debug|Any CPU.Build.0 = Debug|Any CPU
		{8241A955-C8E4-4CFD-BA28-EEAB34F6C00C}.Release|Any CPU.ActiveCfg = Release|Any CPU
		{8241A955-C8E4-4CFD-BA28-EEAB34F6C00C}.Release|Any CPU.Build.0 = Release|Any CPU
		{2248B813-F058-4079-BD3E-F634B7D4E456}.Debug|Any CPU.ActiveCfg = Debug|Any CPU
		{2248B813-F058-4079-BD3E-F634B7D4E456}.Debug|Any CPU.Build.0 = Debug|Any CPU
		{2248B813-F058-4079-BD3E-F634B7D4E456}.Release|Any CPU.ActiveCfg = Release|Any CPU
		{2248B813-F058-4079-BD3E-F634B7D4E456}.Release|Any CPU.Build.0 = Release|Any CPU
		{1E992182-47CF-43E7-A529-2987F7DC3AC1}.Debug|Any CPU.ActiveCfg = Debug|Any CPU
		{1E992182-47CF-43E7-A529-2987F7DC3AC1}.Debug|Any CPU.Build.0 = Debug|Any CPU
		{1E992182-47CF-43E7-A529-2987F7DC3AC1}.Release|Any CPU.ActiveCfg = Release|Any CPU
		{1E992182-47CF-43E7-A529-2987F7DC3AC1}.Release|Any CPU.Build.0 = Release|Any CPU
	EndGlobalSection
	GlobalSection(SolutionProperties) = preSolution
		HideSolutionNode = FALSE
	EndGlobalSection
	GlobalSection(ExtensibilityGlobals) = postSolution
		SolutionGuid = {6339E065-162B-44DC-BCB1-12564BEE81F4}
	EndGlobalSection
EndGlobal
